
Microsoft Visual Studio Solution File, Format Version 12.00
# Visual Studio 2012
Project("{FAE04EC0-301F-11D3-BF4B-00C04F79EFBC}") = "Examen", "Examen\Examen.csproj", "{B99278AC-ACAB-4DD4-9B47-EE56920F84EF}"
EndProject
Project("{FAE04EC0-301F-11D3-BF4B-00C04F79EFBC}") = "Infrastructure", "Infrastructure\Infrastructure.csproj", "{E8429BBF-C080-46FC-A31C-897364923AEB}"
EndProject
Project("{FAE04EC0-301F-11D3-BF4B-00C04F79EFBC}") = "Domain", "Domain\Domain.csproj", "{9F47C612-F5D5-48F1-A73E-E8014BD92415}"
EndProject
Project("{FAE04EC0-301F-11D3-BF4B-00C04F79EFBC}") = "ServiceWCF", "ServiceWCF\ServiceWCF.csproj", "{10FC8AD4-FEE9-4021-A5A8-325B33C3F036}"
EndProject
Project("{2150E333-8FDC-42A3-9474-1A3956D46DE8}") = "01 WEB", "01 WEB", "{0C7717E7-9BCF-4CA2-A802-60A5BACB07E2}"
EndProject
Project("{2150E333-8FDC-42A3-9474-1A3956D46DE8}") = "02 DOMINIO", "02 DOMINIO", "{727236B4-32AD-42F6-A507-B68077271EBD}"
EndProject
Project("{2150E333-8FDC-42A3-9474-1A3956D46DE8}") = "03 INFRASTRUCTURA", "03 INFRASTRUCTURA", "{11EAE762-E466-4D33-AD52-AEAD4BDB4CBB}"
EndProject
Project("{2150E333-8FDC-42A3-9474-1A3956D46DE8}") = "WCF", "WCF", "{001392D6-3213-4D18-92ED-D3917E1CC2E0}"
EndProject
Project("{FAE04EC0-301F-11D3-BF4B-00C04F79EFBC}") = "UnitaryTest", "UnitaryTest\UnitaryTest.csproj", "{D2AA1D47-19E6-417C-B643-69E3251D7935}"
EndProject
Project("{FAE04EC0-301F-11D3-BF4B-00C04F79EFBC}") = "IntegrationTest", "IntegrationTest\IntegrationTest.csproj", "{10E2D4AD-F182-47CD-BE58-C22457AF490D}"
EndProject
Global
	GlobalSection(SolutionConfigurationPlatforms) = preSolution
		Debug|Any CPU = Debug|Any CPU
		Release|Any CPU = Release|Any CPU
	EndGlobalSection
	GlobalSection(ProjectConfigurationPlatforms) = postSolution
		{B99278AC-ACAB-4DD4-9B47-EE56920F84EF}.Debug|Any CPU.ActiveCfg = Debug|Any CPU
		{B99278AC-ACAB-4DD4-9B47-EE56920F84EF}.Debug|Any CPU.Build.0 = Debug|Any CPU
		{B99278AC-ACAB-4DD4-9B47-EE56920F84EF}.Release|Any CPU.ActiveCfg = Release|Any CPU
		{B99278AC-ACAB-4DD4-9B47-EE56920F84EF}.Release|Any CPU.Build.0 = Release|Any CPU
		{E8429BBF-C080-46FC-A31C-897364923AEB}.Debug|Any CPU.ActiveCfg = Debug|Any CPU
		{E8429BBF-C080-46FC-A31C-897364923AEB}.Debug|Any CPU.Build.0 = Debug|Any CPU
		{E8429BBF-C080-46FC-A31C-897364923AEB}.Release|Any CPU.ActiveCfg = Release|Any CPU
		{E8429BBF-C080-46FC-A31C-897364923AEB}.Release|Any CPU.Build.0 = Release|Any CPU
		{9F47C612-F5D5-48F1-A73E-E8014BD92415}.Debug|Any CPU.ActiveCfg = Debug|Any CPU
		{9F47C612-F5D5-48F1-A73E-E8014BD92415}.Debug|Any CPU.Build.0 = Debug|Any CPU
		{9F47C612-F5D5-48F1-A73E-E8014BD92415}.Release|Any CPU.ActiveCfg = Release|Any CPU
		{9F47C612-F5D5-48F1-A73E-E8014BD92415}.Release|Any CPU.Build.0 = Release|Any CPU
		{10FC8AD4-FEE9-4021-A5A8-325B33C3F036}.Debug|Any CPU.ActiveCfg = Debug|Any CPU
		{10FC8AD4-FEE9-4021-A5A8-325B33C3F036}.Debug|Any CPU.Build.0 = Debug|Any CPU
		{10FC8AD4-FEE9-4021-A5A8-325B33C3F036}.Release|Any CPU.ActiveCfg = Release|Any CPU
		{10FC8AD4-FEE9-4021-A5A8-325B33C3F036}.Release|Any CPU.Build.0 = Release|Any CPU
		{D2AA1D47-19E6-417C-B643-69E3251D7935}.Debug|Any CPU.ActiveCfg = Debug|Any CPU
		{D2AA1D47-19E6-417C-B643-69E3251D7935}.Debug|Any CPU.Build.0 = Debug|Any CPU
		{D2AA1D47-19E6-417C-B643-69E3251D7935}.Release|Any CPU.ActiveCfg = Release|Any CPU
		{D2AA1D47-19E6-417C-B643-69E3251D7935}.Release|Any CPU.Build.0 = Release|Any CPU
		{10E2D4AD-F182-47CD-BE58-C22457AF490D}.Debug|Any CPU.ActiveCfg = Debug|Any CPU
		{10E2D4AD-F182-47CD-BE58-C22457AF490D}.Debug|Any CPU.Build.0 = Debug|Any CPU
		{10E2D4AD-F182-47CD-BE58-C22457AF490D}.Release|Any CPU.ActiveCfg = Release|Any CPU
		{10E2D4AD-F182-47CD-BE58-C22457AF490D}.Release|Any CPU.Build.0 = Release|Any CPU
	EndGlobalSection
	GlobalSection(SolutionProperties) = preSolution
		HideSolutionNode = FALSE
	EndGlobalSection
	GlobalSection(NestedProjects) = preSolution
		{B99278AC-ACAB-4DD4-9B47-EE56920F84EF} = {0C7717E7-9BCF-4CA2-A802-60A5BACB07E2}
		{E8429BBF-C080-46FC-A31C-897364923AEB} = {11EAE762-E466-4D33-AD52-AEAD4BDB4CBB}
		{9F47C612-F5D5-48F1-A73E-E8014BD92415} = {727236B4-32AD-42F6-A507-B68077271EBD}
		{10FC8AD4-FEE9-4021-A5A8-325B33C3F036} = {001392D6-3213-4D18-92ED-D3917E1CC2E0}
	EndGlobalSection
EndGlobal
